
Microsoft Visual Studio Solution File, Format Version 12.00
# Visual Studio Version 16
VisualStudioVersion = 16.0.28606.126
MinimumVisualStudioVersion = 10.0.40219.1
Project("{00D1A9C2-B5F0-4AF3-8072-F6C62B433612}") = "SampleDatabase", "SampleDatabase\SampleDatabase.sqlproj", "{4DEB5E14-001A-4D3D-B260-D16C67183996}"
EndProject
Global
	GlobalSection(SolutionConfigurationPlatforms) = preSolution
		Debug|Any CPU = Debug|Any CPU
		Release|Any CPU = Release|Any CPU
	EndGlobalSection
	GlobalSection(ProjectConfigurationPlatforms) = postSolution
		{4DEB5E14-001A-4D3D-B260-D16C67183996}.Debug|Any CPU.ActiveCfg = Debug|Any CPU
		{4DEB5E14-001A-4D3D-B260-D16C67183996}.Debug|Any CPU.Build.0 = Debug|Any CPU
		{4DEB5E14-001A-4D3D-B260-D16C67183996}.Debug|Any CPU.Deploy.0 = Debug|Any CPU
		{4DEB5E14-001A-4D3D-B260-D16C67183996}.Release|Any CPU.ActiveCfg = Release|Any CPU
		{4DEB5E14-001A-4D3D-B260-D16C67183996}.Release|Any CPU.Build.0 = Release|Any CPU
		{4DEB5E14-001A-4D3D-B260-D16C67183996}.Release|Any CPU.Deploy.0 = Release|Any CPU
	EndGlobalSection
	GlobalSection(SolutionProperties) = preSolution
		HideSolutionNode = FALSE
	EndGlobalSection
	GlobalSection(ExtensibilityGlobals) = postSolution
		SolutionGuid = {E872757C-CBA8-4849-BC84-9E6CC5DE7D80}
	EndGlobalSection
EndGlobal
